// !$*UTF8*$!
{
	archiveVersion = 1;
	classes = {
	};
	objectVersion = 46;
	objects = {

/* Begin PBXBuildFile section */
		F817AA51181216C400285605 /* Foundation.framework in Frameworks */ = {isa = PBXBuildFile; fileRef = F817AA50181216C400285605 /* Foundation.framework */; };
		F817AA53181216C400285605 /* CoreGraphics.framework in Frameworks */ = {isa = PBXBuildFile; fileRef = F817AA52181216C400285605 /* CoreGraphics.framework */; };
		F817AA55181216C400285605 /* UIKit.framework in Frameworks */ = {isa = PBXBuildFile; fileRef = F817AA54181216C400285605 /* UIKit.framework */; };
		F817AA5B181216C400285605 /* InfoPlist.strings in Resources */ = {isa = PBXBuildFile; fileRef = F817AA59181216C400285605 /* InfoPlist.strings */; };
		F817AA5D181216C400285605 /* main.m in Sources */ = {isa = PBXBuildFile; fileRef = F817AA5C181216C400285605 /* main.m */; };
		F817AA61181216C400285605 /* AppDelegate.m in Sources */ = {isa = PBXBuildFile; fileRef = F817AA60181216C400285605 /* AppDelegate.m */; };
		F817AA64181216C400285605 /* Main.storyboard in Resources */ = {isa = PBXBuildFile; fileRef = F817AA62181216C400285605 /* Main.storyboard */; };
		F817AA69181216C400285605 /* Images.xcassets in Resources */ = {isa = PBXBuildFile; fileRef = F817AA68181216C400285605 /* Images.xcassets */; };
		F817AA70181216C400285605 /* XCTest.framework in Frameworks */ = {isa = PBXBuildFile; fileRef = F817AA6F181216C400285605 /* XCTest.framework */; };
		F817AA71181216C400285605 /* Foundation.framework in Frameworks */ = {isa = PBXBuildFile; fileRef = F817AA50181216C400285605 /* Foundation.framework */; };
		F817AA72181216C400285605 /* UIKit.framework in Frameworks */ = {isa = PBXBuildFile; fileRef = F817AA54181216C400285605 /* UIKit.framework */; };
		F817AA7A181216C400285605 /* InfoPlist.strings in Resources */ = {isa = PBXBuildFile; fileRef = F817AA78181216C400285605 /* InfoPlist.strings */; };
		F817AA7C181216C400285605 /* simpleBeaconTests.m in Sources */ = {isa = PBXBuildFile; fileRef = F817AA7B181216C400285605 /* simpleBeaconTests.m */; };
		F817AA8A1812290A00285605 /* BeaconViewController.m in Sources */ = {isa = PBXBuildFile; fileRef = F817AA891812290A00285605 /* BeaconViewController.m */; };
		F817AA8E1812296900285605 /* beacon.png in Resources */ = {isa = PBXBuildFile; fileRef = F817AA8C1812296900285605 /* beacon.png */; };
		F817AA8F1812296900285605 /* beacon@2x.png in Resources */ = {isa = PBXBuildFile; fileRef = F817AA8D1812296900285605 /* beacon@2x.png */; };
		F8376DBD1814984F00B17554 /* CentralViewController.m in Sources */ = {isa = PBXBuildFile; fileRef = F8376DBC1814984F00B17554 /* CentralViewController.m */; };
		F8376DC018149A3000B17554 /* central.png in Resources */ = {isa = PBXBuildFile; fileRef = F8376DBE18149A3000B17554 /* central.png */; };
		F8376DC118149A3000B17554 /* central@2x.png in Resources */ = {isa = PBXBuildFile; fileRef = F8376DBF18149A3000B17554 /* central@2x.png */; };
		F8376DC41814ECB600B17554 /* PassbookViewController.m in Sources */ = {isa = PBXBuildFile; fileRef = F8376DC31814ECB600B17554 /* PassbookViewController.m */; };
		F889680A1813A704000CB62E /* baseViewController.m in Sources */ = {isa = PBXBuildFile; fileRef = F88968091813A704000CB62E /* baseViewController.m */; };
		F889680D1813A808000CB62E /* DetectorViewController.m in Sources */ = {isa = PBXBuildFile; fileRef = F889680C1813A808000CB62E /* DetectorViewController.m */; };
		F890EB8E181398EC00C84CB4 /* detector.png in Resources */ = {isa = PBXBuildFile; fileRef = F890EB8C181398EC00C84CB4 /* detector.png */; };
		F890EB8F181398EC00C84CB4 /* detector@2x.png in Resources */ = {isa = PBXBuildFile; fileRef = F890EB8D181398EC00C84CB4 /* detector@2x.png */; };
/* End PBXBuildFile section */

/* Begin PBXContainerItemProxy section */
		F817AA73181216C400285605 /* PBXContainerItemProxy */ = {
			isa = PBXContainerItemProxy;
			containerPortal = F817AA45181216C400285605 /* Project object */;
			proxyType = 1;
			remoteGlobalIDString = F817AA4C181216C400285605;
			remoteInfo = simpeBeacon;
		};
/* End PBXContainerItemProxy section */

/* Begin PBXFileReference section */
		F817AA4D181216C400285605 /* simpleBeacon.app */ = {isa = PBXFileReference; explicitFileType = wrapper.application; includeInIndex = 0; path = simpleBeacon.app; sourceTree = BUILT_PRODUCTS_DIR; };
		F817AA50181216C400285605 /* Foundation.framework */ = {isa = PBXFileReference; lastKnownFileType = wrapper.framework; name = Foundation.framework; path = System/Library/Frameworks/Foundation.framework; sourceTree = SDKROOT; };
		F817AA52181216C400285605 /* CoreGraphics.framework */ = {isa = PBXFileReference; lastKnownFileType = wrapper.framework; name = CoreGraphics.framework; path = System/Library/Frameworks/CoreGraphics.framework; sourceTree = SDKROOT; };
		F817AA54181216C400285605 /* UIKit.framework */ = {isa = PBXFileReference; lastKnownFileType = wrapper.framework; name = UIKit.framework; path = System/Library/Frameworks/UIKit.framework; sourceTree = SDKROOT; };
		F817AA58181216C400285605 /* simpleBeacon-Info.plist */ = {isa = PBXFileReference; lastKnownFileType = text.plist.xml; path = "simpleBeacon-Info.plist"; sourceTree = "<group>"; };
		F817AA5A181216C400285605 /* en */ = {isa = PBXFileReference; lastKnownFileType = text.plist.strings; name = en; path = en.lproj/InfoPlist.strings; sourceTree = "<group>"; };
		F817AA5C181216C400285605 /* main.m */ = {isa = PBXFileReference; lastKnownFileType = sourcecode.c.objc; path = main.m; sourceTree = "<group>"; };
		F817AA5E181216C400285605 /* simpleBeacon-Prefix.pch */ = {isa = PBXFileReference; lastKnownFileType = sourcecode.c.h; path = "simpleBeacon-Prefix.pch"; sourceTree = "<group>"; };
		F817AA5F181216C400285605 /* AppDelegate.h */ = {isa = PBXFileReference; lastKnownFileType = sourcecode.c.h; path = AppDelegate.h; sourceTree = "<group>"; };
		F817AA60181216C400285605 /* AppDelegate.m */ = {isa = PBXFileReference; lastKnownFileType = sourcecode.c.objc; path = AppDelegate.m; sourceTree = "<group>"; };
		F817AA63181216C400285605 /* Base */ = {isa = PBXFileReference; lastKnownFileType = file.storyboard; name = Base; path = Base.lproj/Main.storyboard; sourceTree = "<group>"; };
		F817AA68181216C400285605 /* Images.xcassets */ = {isa = PBXFileReference; lastKnownFileType = folder.assetcatalog; path = Images.xcassets; sourceTree = "<group>"; };
		F817AA6E181216C400285605 /* simpleBeaconTests.xctest */ = {isa = PBXFileReference; explicitFileType = wrapper.cfbundle; includeInIndex = 0; path = simpleBeaconTests.xctest; sourceTree = BUILT_PRODUCTS_DIR; };
		F817AA6F181216C400285605 /* XCTest.framework */ = {isa = PBXFileReference; lastKnownFileType = wrapper.framework; name = XCTest.framework; path = Library/Frameworks/XCTest.framework; sourceTree = DEVELOPER_DIR; };
		F817AA77181216C400285605 /* simpeBeaconTests-Info.plist */ = {isa = PBXFileReference; lastKnownFileType = text.plist.xml; path = "simpeBeaconTests-Info.plist"; sourceTree = "<group>"; };
		F817AA79181216C400285605 /* en */ = {isa = PBXFileReference; lastKnownFileType = text.plist.strings; name = en; path = en.lproj/InfoPlist.strings; sourceTree = "<group>"; };
		F817AA7B181216C400285605 /* simpleBeaconTests.m */ = {isa = PBXFileReference; lastKnownFileType = sourcecode.c.objc; path = simpleBeaconTests.m; sourceTree = "<group>"; };
		F817AA881812290A00285605 /* BeaconViewController.h */ = {isa = PBXFileReference; fileEncoding = 4; lastKnownFileType = sourcecode.c.h; path = BeaconViewController.h; sourceTree = "<group>"; };
		F817AA891812290A00285605 /* BeaconViewController.m */ = {isa = PBXFileReference; fileEncoding = 4; lastKnownFileType = sourcecode.c.objc; path = BeaconViewController.m; sourceTree = "<group>"; };
		F817AA8C1812296900285605 /* beacon.png */ = {isa = PBXFileReference; lastKnownFileType = image.png; name = beacon.png; path = simpeBeacon/beacon.png; sourceTree = "<group>"; };
		F817AA8D1812296900285605 /* beacon@2x.png */ = {isa = PBXFileReference; lastKnownFileType = image.png; name = "beacon@2x.png"; path = "simpeBeacon/beacon@2x.png"; sourceTree = "<group>"; };
		F8376DBB1814984F00B17554 /* CentralViewController.h */ = {isa = PBXFileReference; fileEncoding = 4; lastKnownFileType = sourcecode.c.h; path = CentralViewController.h; sourceTree = "<group>"; };
		F8376DBC1814984F00B17554 /* CentralViewController.m */ = {isa = PBXFileReference; fileEncoding = 4; lastKnownFileType = sourcecode.c.objc; path = CentralViewController.m; sourceTree = "<group>"; };
		F8376DBE18149A3000B17554 /* central.png */ = {isa = PBXFileReference; lastKnownFileType = image.png; name = central.png; path = simpeBeacon/central.png; sourceTree = "<group>"; };
		F8376DBF18149A3000B17554 /* central@2x.png */ = {isa = PBXFileReference; lastKnownFileType = image.png; name = "central@2x.png"; path = "simpeBeacon/central@2x.png"; sourceTree = "<group>"; };
		F8376DC21814ECB600B17554 /* PassbookViewController.h */ = {isa = PBXFileReference; fileEncoding = 4; lastKnownFileType = sourcecode.c.h; path = PassbookViewController.h; sourceTree = "<group>"; };
		F8376DC31814ECB600B17554 /* PassbookViewController.m */ = {isa = PBXFileReference; fileEncoding = 4; lastKnownFileType = sourcecode.c.objc; path = PassbookViewController.m; sourceTree = "<group>"; };
		F88968081813A703000CB62E /* baseViewController.h */ = {isa = PBXFileReference; fileEncoding = 4; lastKnownFileType = sourcecode.c.h; path = baseViewController.h; sourceTree = "<group>"; };
		F88968091813A704000CB62E /* baseViewController.m */ = {isa = PBXFileReference; fileEncoding = 4; lastKnownFileType = sourcecode.c.objc; path = baseViewController.m; sourceTree = "<group>"; };
		F889680B1813A808000CB62E /* DetectorViewController.h */ = {isa = PBXFileReference; fileEncoding = 4; lastKnownFileType = sourcecode.c.h; path = DetectorViewController.h; sourceTree = "<group>"; };
		F889680C1813A808000CB62E /* DetectorViewController.m */ = {isa = PBXFileReference; fileEncoding = 4; lastKnownFileType = sourcecode.c.objc; path = DetectorViewController.m; sourceTree = "<group>"; };
		F890EB8C181398EC00C84CB4 /* detector.png */ = {isa = PBXFileReference; lastKnownFileType = image.png; name = detector.png; path = simpeBeacon/detector.png; sourceTree = "<group>"; };
		F890EB8D181398EC00C84CB4 /* detector@2x.png */ = {isa = PBXFileReference; lastKnownFileType = image.png; name = "detector@2x.png"; path = "simpeBeacon/detector@2x.png"; sourceTree = "<group>"; };
/* End PBXFileReference section */

/* Begin PBXFrameworksBuildPhase section */
		F817AA4A181216C400285605 /* Frameworks */ = {
			isa = PBXFrameworksBuildPhase;
			buildActionMask = 2147483647;
			files = (
				F817AA53181216C400285605 /* CoreGraphics.framework in Frameworks */,
				F817AA55181216C400285605 /* UIKit.framework in Frameworks */,
				F817AA51181216C400285605 /* Foundation.framework in Frameworks */,
			);
			runOnlyForDeploymentPostprocessing = 0;
		};
		F817AA6B181216C400285605 /* Frameworks */ = {
			isa = PBXFrameworksBuildPhase;
			buildActionMask = 2147483647;
			files = (
				F817AA70181216C400285605 /* XCTest.framework in Frameworks */,
				F817AA72181216C400285605 /* UIKit.framework in Frameworks */,
				F817AA71181216C400285605 /* Foundation.framework in Frameworks */,
			);
			runOnlyForDeploymentPostprocessing = 0;
		};
/* End PBXFrameworksBuildPhase section */

/* Begin PBXGroup section */
		F817AA44181216C400285605 = {
			isa = PBXGroup;
			children = (
				F817AA8B1812295C00285605 /* images */,
				F817AA56181216C400285605 /* simpleBeacon */,
				F817AA75181216C400285605 /* simpleBeaconTests */,
				F817AA4F181216C400285605 /* Frameworks */,
				F817AA4E181216C400285605 /* Products */,
			);
			sourceTree = "<group>";
		};
		F817AA4E181216C400285605 /* Products */ = {
			isa = PBXGroup;
			children = (
				F817AA4D181216C400285605 /* simpleBeacon.app */,
				F817AA6E181216C400285605 /* simpleBeaconTests.xctest */,
			);
			name = Products;
			sourceTree = "<group>";
		};
		F817AA4F181216C400285605 /* Frameworks */ = {
			isa = PBXGroup;
			children = (
				F817AA50181216C400285605 /* Foundation.framework */,
				F817AA52181216C400285605 /* CoreGraphics.framework */,
				F817AA54181216C400285605 /* UIKit.framework */,
				F817AA6F181216C400285605 /* XCTest.framework */,
			);
			name = Frameworks;
			sourceTree = "<group>";
		};
		F817AA56181216C400285605 /* simpleBeacon */ = {
			isa = PBXGroup;
			children = (
				F817AA62181216C400285605 /* Main.storyboard */,
				F88968081813A703000CB62E /* baseViewController.h */,
				F88968091813A704000CB62E /* baseViewController.m */,
				F817AA881812290A00285605 /* BeaconViewController.h */,
				F817AA891812290A00285605 /* BeaconViewController.m */,
				F889680B1813A808000CB62E /* DetectorViewController.h */,
				F889680C1813A808000CB62E /* DetectorViewController.m */,
				F8376DBB1814984F00B17554 /* CentralViewController.h */,
				F8376DBC1814984F00B17554 /* CentralViewController.m */,
				F8376DC21814ECB600B17554 /* PassbookViewController.h */,
				F8376DC31814ECB600B17554 /* PassbookViewController.m */,
				F817AA5F181216C400285605 /* AppDelegate.h */,
				F817AA60181216C400285605 /* AppDelegate.m */,
				F817AA68181216C400285605 /* Images.xcassets */,
				F817AA57181216C400285605 /* Supporting Files */,
			);
			name = simpleBeacon;
			path = simpeBeacon;
			sourceTree = "<group>";
		};
		F817AA57181216C400285605 /* Supporting Files */ = {
			isa = PBXGroup;
			children = (
				F817AA58181216C400285605 /* simpleBeacon-Info.plist */,
				F817AA59181216C400285605 /* InfoPlist.strings */,
				F817AA5C181216C400285605 /* main.m */,
				F817AA5E181216C400285605 /* simpleBeacon-Prefix.pch */,
			);
			name = "Supporting Files";
			sourceTree = "<group>";
		};
		F817AA75181216C400285605 /* simpleBeaconTests */ = {
			isa = PBXGroup;
			children = (
				F817AA7B181216C400285605 /* simpleBeaconTests.m */,
				F817AA76181216C400285605 /* Supporting Files */,
			);
			name = simpleBeaconTests;
			path = simpeBeaconTests;
			sourceTree = "<group>";
		};
		F817AA76181216C400285605 /* Supporting Files */ = {
			isa = PBXGroup;
			children = (
				F817AA77181216C400285605 /* simpeBeaconTests-Info.plist */,
				F817AA78181216C400285605 /* InfoPlist.strings */,
			);
			name = "Supporting Files";
			sourceTree = "<group>";
		};
		F817AA8B1812295C00285605 /* images */ = {
			isa = PBXGroup;
			children = (
				F8376DBE18149A3000B17554 /* central.png */,
				F8376DBF18149A3000B17554 /* central@2x.png */,
				F890EB8C181398EC00C84CB4 /* detector.png */,
				F890EB8D181398EC00C84CB4 /* detector@2x.png */,
				F817AA8C1812296900285605 /* beacon.png */,
				F817AA8D1812296900285605 /* beacon@2x.png */,
			);
			name = images;
			sourceTree = "<group>";
		};
/* End PBXGroup section */

/* Begin PBXNativeTarget section */
		F817AA4C181216C400285605 /* simpleBeacon */ = {
			isa = PBXNativeTarget;
			buildConfigurationList = F817AA7F181216C400285605 /* Build configuration list for PBXNativeTarget "simpleBeacon" */;
			buildPhases = (
				F817AA49181216C400285605 /* Sources */,
				F817AA4A181216C400285605 /* Frameworks */,
				F817AA4B181216C400285605 /* Resources */,
			);
			buildRules = (
			);
			dependencies = (
			);
			name = simpleBeacon;
			productName = simpeBeacon;
			productReference = F817AA4D181216C400285605 /* simpleBeacon.app */;
			productType = "com.apple.product-type.application";
		};
		F817AA6D181216C400285605 /* simpleBeaconTests */ = {
			isa = PBXNativeTarget;
			buildConfigurationList = F817AA82181216C400285605 /* Build configuration list for PBXNativeTarget "simpleBeaconTests" */;
			buildPhases = (
				F817AA6A181216C400285605 /* Sources */,
				F817AA6B181216C400285605 /* Frameworks */,
				F817AA6C181216C400285605 /* Resources */,
			);
			buildRules = (
			);
			dependencies = (
				F817AA74181216C400285605 /* PBXTargetDependency */,
			);
			name = simpleBeaconTests;
			productName = simpeBeaconTests;
			productReference = F817AA6E181216C400285605 /* simpleBeaconTests.xctest */;
			productType = "com.apple.product-type.bundle.unit-test";
		};
/* End PBXNativeTarget section */

/* Begin PBXProject section */
		F817AA45181216C400285605 /* Project object */ = {
			isa = PBXProject;
			attributes = {
				LastUpgradeCheck = 0500;
				ORGANIZATIONNAME = "REINFORCE Lab.";
				TargetAttributes = {
					F817AA4C181216C400285605 = {
						SystemCapabilities = {
							com.apple.BackgroundModes = {
								enabled = 1;
							};
						};
					};
					F817AA6D181216C400285605 = {
						TestTargetID = F817AA4C181216C400285605;
					};
				};
			};
			buildConfigurationList = F817AA48181216C400285605 /* Build configuration list for PBXProject "simpleBeacon" */;
			compatibilityVersion = "Xcode 3.2";
			developmentRegion = English;
			hasScannedForEncodings = 0;
			knownRegions = (
				en,
				Base,
			);
			mainGroup = F817AA44181216C400285605;
			productRefGroup = F817AA4E181216C400285605 /* Products */;
			projectDirPath = "";
			projectRoot = "";
			targets = (
				F817AA4C181216C400285605 /* simpleBeacon */,
				F817AA6D181216C400285605 /* simpleBeaconTests */,
			);
		};
/* End PBXProject section */

/* Begin PBXResourcesBuildPhase section */
		F817AA4B181216C400285605 /* Resources */ = {
			isa = PBXResourcesBuildPhase;
			buildActionMask = 2147483647;
			files = (
				F817AA69181216C400285605 /* Images.xcassets in Resources */,
				F890EB8E181398EC00C84CB4 /* detector.png in Resources */,
				F8376DC118149A3000B17554 /* central@2x.png in Resources */,
				F817AA8E1812296900285605 /* beacon.png in Resources */,
				F817AA5B181216C400285605 /* InfoPlist.strings in Resources */,
				F817AA8F1812296900285605 /* beacon@2x.png in Resources */,
				F890EB8F181398EC00C84CB4 /* detector@2x.png in Resources */,
				F817AA64181216C400285605 /* Main.storyboard in Resources */,
				F8376DC018149A3000B17554 /* central.png in Resources */,
			);
			runOnlyForDeploymentPostprocessing = 0;
		};
		F817AA6C181216C400285605 /* Resources */ = {
			isa = PBXResourcesBuildPhase;
			buildActionMask = 2147483647;
			files = (
				F817AA7A181216C400285605 /* InfoPlist.strings in Resources */,
			);
			runOnlyForDeploymentPostprocessing = 0;
		};
/* End PBXResourcesBuildPhase section */

/* Begin PBXSourcesBuildPhase section */
		F817AA49181216C400285605 /* Sources */ = {
			isa = PBXSourcesBuildPhase;
			buildActionMask = 2147483647;
			files = (
				F8376DC41814ECB600B17554 /* PassbookViewController.m in Sources */,
				F817AA8A1812290A00285605 /* BeaconViewController.m in Sources */,
				F889680A1813A704000CB62E /* baseViewController.m in Sources */,
				F8376DBD1814984F00B17554 /* CentralViewController.m in Sources */,
				F817AA61181216C400285605 /* AppDelegate.m in Sources */,
				F889680D1813A808000CB62E /* DetectorViewController.m in Sources */,
				F817AA5D181216C400285605 /* main.m in Sources */,
			);
			runOnlyForDeploymentPostprocessing = 0;
		};
		F817AA6A181216C400285605 /* Sources */ = {
			isa = PBXSourcesBuildPhase;
			buildActionMask = 2147483647;
			files = (
				F817AA7C181216C400285605 /* simpleBeaconTests.m in Sources */,
			);
			runOnlyForDeploymentPostprocessing = 0;
		};
/* End PBXSourcesBuildPhase section */

/* Begin PBXTargetDependency section */
		F817AA74181216C400285605 /* PBXTargetDependency */ = {
			isa = PBXTargetDependency;
			target = F817AA4C181216C400285605 /* simpleBeacon */;
			targetProxy = F817AA73181216C400285605 /* PBXContainerItemProxy */;
		};
/* End PBXTargetDependency section */

/* Begin PBXVariantGroup section */
		F817AA59181216C400285605 /* InfoPlist.strings */ = {
			isa = PBXVariantGroup;
			children = (
				F817AA5A181216C400285605 /* en */,
			);
			name = InfoPlist.strings;
			sourceTree = "<group>";
		};
		F817AA62181216C400285605 /* Main.storyboard */ = {
			isa = PBXVariantGroup;
			children = (
				F817AA63181216C400285605 /* Base */,
			);
			name = Main.storyboard;
			sourceTree = "<group>";
		};
		F817AA78181216C400285605 /* InfoPlist.strings */ = {
			isa = PBXVariantGroup;
			children = (
				F817AA79181216C400285605 /* en */,
			);
			name = InfoPlist.strings;
			sourceTree = "<group>";
		};
/* End PBXVariantGroup section */

/* Begin XCBuildConfiguration section */
		F817AA7D181216C400285605 /* Debug */ = {
			isa = XCBuildConfiguration;
			buildSettings = {
				ALWAYS_SEARCH_USER_PATHS = NO;
				ARCHS = "$(ARCHS_STANDARD_INCLUDING_64_BIT)";
				CLANG_CXX_LANGUAGE_STANDARD = "gnu++0x";
				CLANG_CXX_LIBRARY = "libc++";
				CLANG_ENABLE_MODULES = YES;
				CLANG_ENABLE_OBJC_ARC = YES;
				CLANG_WARN_BOOL_CONVERSION = YES;
				CLANG_WARN_CONSTANT_CONVERSION = YES;
				CLANG_WARN_DIRECT_OBJC_ISA_USAGE = YES_ERROR;
				CLANG_WARN_EMPTY_BODY = YES;
				CLANG_WARN_ENUM_CONVERSION = YES;
				CLANG_WARN_INT_CONVERSION = YES;
				CLANG_WARN_OBJC_ROOT_CLASS = YES_ERROR;
				CLANG_WARN__DUPLICATE_METHOD_MATCH = YES;
				"CODE_SIGN_IDENTITY[sdk=iphoneos*]" = "iPhone Developer";
				COPY_PHASE_STRIP = NO;
				GCC_C_LANGUAGE_STANDARD = gnu99;
				GCC_DYNAMIC_NO_PIC = NO;
				GCC_OPTIMIZATION_LEVEL = 0;
				GCC_PREPROCESSOR_DEFINITIONS = (
					"DEBUG=1",
					"$(inherited)",
				);
				GCC_SYMBOLS_PRIVATE_EXTERN = NO;
				GCC_WARN_64_TO_32_BIT_CONVERSION = YES;
				GCC_WARN_ABOUT_RETURN_TYPE = YES_ERROR;
				GCC_WARN_UNDECLARED_SELECTOR = YES;
				GCC_WARN_UNINITIALIZED_AUTOS = YES;
				GCC_WARN_UNUSED_FUNCTION = YES;
				GCC_WARN_UNUSED_VARIABLE = YES;
				IPHONEOS_DEPLOYMENT_TARGET = 7.0;
				ONLY_ACTIVE_ARCH = YES;
				SDKROOT = iphoneos;
			};
			name = Debug;
		};
		F817AA7E181216C400285605 /* Release */ = {
			isa = XCBuildConfiguration;
			buildSettings = {
				ALWAYS_SEARCH_USER_PATHS = NO;
				ARCHS = "$(ARCHS_STANDARD_INCLUDING_64_BIT)";
				CLANG_CXX_LANGUAGE_STANDARD = "gnu++0x";
				CLANG_CXX_LIBRARY = "libc++";
				CLANG_ENABLE_MODULES = YES;
				CLANG_ENABLE_OBJC_ARC = YES;
				CLANG_WARN_BOOL_CONVERSION = YES;
				CLANG_WARN_CONSTANT_CONVERSION = YES;
				CLANG_WARN_DIRECT_OBJC_ISA_USAGE = YES_ERROR;
				CLANG_WARN_EMPTY_BODY = YES;
				CLANG_WARN_ENUM_CONVERSION = YES;
				CLANG_WARN_INT_CONVERSION = YES;
				CLANG_WARN_OBJC_ROOT_CLASS = YES_ERROR;
				CLANG_WARN__DUPLICATE_METHOD_MATCH = YES;
				"CODE_SIGN_IDENTITY[sdk=iphoneos*]" = "iPhone Developer";
				COPY_PHASE_STRIP = YES;
				ENABLE_NS_ASSERTIONS = NO;
				GCC_C_LANGUAGE_STANDARD = gnu99;
				GCC_WARN_64_TO_32_BIT_CONVERSION = YES;
				GCC_WARN_ABOUT_RETURN_TYPE = YES_ERROR;
				GCC_WARN_UNDECLARED_SELECTOR = YES;
				GCC_WARN_UNINITIALIZED_AUTOS = YES;
				GCC_WARN_UNUSED_FUNCTION = YES;
				GCC_WARN_UNUSED_VARIABLE = YES;
				IPHONEOS_DEPLOYMENT_TARGET = 7.0;
				SDKROOT = iphoneos;
				VALIDATE_PRODUCT = YES;
			};
			name = Release;
		};
		F817AA80181216C400285605 /* Debug */ = {
			isa = XCBuildConfiguration;
			buildSettings = {
				ASSETCATALOG_COMPILER_APPICON_NAME = AppIcon;
				ASSETCATALOG_COMPILER_LAUNCHIMAGE_NAME = LaunchImage;
				GCC_PRECOMPILE_PREFIX_HEADER = YES;
				GCC_PREFIX_HEADER = "simpeBeacon/simpleBeacon-Prefix.pch";
				INFOPLIST_FILE = "simpeBeacon/simpleBeacon-Info.plist";
				PRODUCT_NAME = simpleBeacon;
				WRAPPER_EXTENSION = app;
			};
			name = Debug;
		};
		F817AA81181216C400285605 /* Release */ = {
			isa = XCBuildConfiguration;
			buildSettings = {
				ASSETCATALOG_COMPILER_APPICON_NAME = AppIcon;
				ASSETCATALOG_COMPILER_LAUNCHIMAGE_NAME = LaunchImage;
				GCC_PRECOMPILE_PREFIX_HEADER = YES;
				GCC_PREFIX_HEADER = "simpeBeacon/simpleBeacon-Prefix.pch";
				INFOPLIST_FILE = "simpeBeacon/simpleBeacon-Info.plist";
				PRODUCT_NAME = simpleBeacon;
				WRAPPER_EXTENSION = app;
			};
			name = Release;
		};
		F817AA83181216C400285605 /* Debug */ = {
			isa = XCBuildConfiguration;
			buildSettings = {
				ARCHS = "$(ARCHS_STANDARD_INCLUDING_64_BIT)";
				BUNDLE_LOADER = "$(BUILT_PRODUCTS_DIR)/simpeBeacon.app/simpeBeacon";
				FRAMEWORK_SEARCH_PATHS = (
					"$(SDKROOT)/Developer/Library/Frameworks",
					"$(inherited)",
					"$(DEVELOPER_FRAMEWORKS_DIR)",
				);
				GCC_PRECOMPILE_PREFIX_HEADER = YES;
				GCC_PREFIX_HEADER = "simpeBeacon/simpeBeacon-Prefix.pch";
				GCC_PREPROCESSOR_DEFINITIONS = (
					"DEBUG=1",
					"$(inherited)",
				);
				INFOPLIST_FILE = "simpeBeaconTests/simpeBeaconTests-Info.plist";
				PRODUCT_NAME = simpleBeaconTests;
				TEST_HOST = "$(BUNDLE_LOADER)";
				WRAPPER_EXTENSION = xctest;
			};
			name = Debug;
		};
		F817AA84181216C400285605 /* Release */ = {
			isa = XCBuildConfiguration;
			buildSettings = {
				ARCHS = "$(ARCHS_STANDARD_INCLUDING_64_BIT)";
				BUNDLE_LOADER = "$(BUILT_PRODUCTS_DIR)/simpeBeacon.app/simpeBeacon";
				FRAMEWORK_SEARCH_PATHS = (
					"$(SDKROOT)/Developer/Library/Frameworks",
					"$(inherited)",
					"$(DEVELOPER_FRAMEWORKS_DIR)",
				);
				GCC_PRECOMPILE_PREFIX_HEADER = YES;
				GCC_PREFIX_HEADER = "simpeBeacon/simpeBeacon-Prefix.pch";
				INFOPLIST_FILE = "simpeBeaconTests/simpeBeaconTests-Info.plist";
				PRODUCT_NAME = simpleBeaconTests;
				TEST_HOST = "$(BUNDLE_LOADER)";
				WRAPPER_EXTENSION = xctest;
			};
			name = Release;
		};
/* End XCBuildConfiguration section */

/* Begin XCConfigurationList section */
		F817AA48181216C400285605 /* Build configuration list for PBXProject "simpleBeacon" */ = {
			isa = XCConfigurationList;
			buildConfigurations = (
				F817AA7D181216C400285605 /* Debug */,
				F817AA7E181216C400285605 /* Release */,
			);
			defaultConfigurationIsVisible = 0;
			defaultConfigurationName = Release;
		};
		F817AA7F181216C400285605 /* Build configuration list for PBXNativeTarget "simpleBeacon" */ = {
			isa = XCConfigurationList;
			buildConfigurations = (
				F817AA80181216C400285605 /* Debug */,
				F817AA81181216C400285605 /* Release */,
			);
			defaultConfigurationIsVisible = 0;
			defaultConfigurationName = Release;
		};
		F817AA82181216C400285605 /* Build configuration list for PBXNativeTarget "simpleBeaconTests" */ = {
			isa = XCConfigurationList;
			buildConfigurations = (
				F817AA83181216C400285605 /* Debug */,
				F817AA84181216C400285605 /* Release */,
			);
			defaultConfigurationIsVisible = 0;
			defaultConfigurationName = Release;
		};
/* End XCConfigurationList section */
	};
	rootObject = F817AA45181216C400285605 /* Project object */;
}
